{
  "requires": true,
  "lockfileVersion": 1,
  "dependencies": {
    "js-search": {
      "version": "2.0.0",
      "resolved": "https://registry.npmjs.org/js-search/-/js-search-2.0.0.tgz",
      "integrity": "sha512-lJ8KzjlwcelIWuAdKyzsXv45W6OIwRpayzc7XmU8mzgWadg5UVOKVmnq/tXudddEB9Ceic3tVaGu6QOK/eebhg=="
    }
  }
}
